
Microsoft Visual Studio Solution File, Format Version 10.00
# Visual C++ Express 2008
Project("{8BC9CEB8-8B4A-11D0-8D11-00A0C91BC942}") = "decode", "decode.vcproj", "{57D9D526-46B4-4228-8DD0-401606353261}"
EndProject
Project("{8BC9CEB8-8B4A-11D0-8D11-00A0C91BC943}") = "encode", "encode.vcproj", "{57D9D526-46B4-4228-8DD0-401606353262}"
EndProject
Project("{8BC9CEB8-8B4A-11D0-8D11-00A0C91BC944}") = "shifty", "shifty.vcproj", "{57D9D526-46B4-4228-8DD0-401606353263}"
EndProject
Global
	GlobalSection(SolutionConfigurationPlatforms) = preSolution
		Release|Win32 = Release|Win32
	EndGlobalSection
	GlobalSection(ProjectConfigurationPlatforms) = postSolution
		{57D9D526-46B4-4228-8DD0-401606353261}.Release|Win32.ActiveCfg = Release|Win32
		{57D9D526-46B4-4228-8DD0-401606353261}.Release|Win32.Build.0 = Release|Win32
		{57D9D526-46B4-4228-8DD0-401606353262}.Release|Win32.ActiveCfg = Release|Win32
		{57D9D526-46B4-4228-8DD0-401606353262}.Release|Win32.Build.0 = Release|Win32
		{57D9D526-46B4-4228-8DD0-401606353263}.Release|Win32.ActiveCfg = Release|Win32
		{57D9D526-46B4-4228-8DD0-401606353263}.Release|Win32.Build.0 = Release|Win32
	EndGlobalSection
	GlobalSection(SolutionProperties) = preSolution
		HideSolutionNode = FALSE
	EndGlobalSection
EndGlobal
